
Microsoft Visual Studio Solution File, Format Version 12.00
# Visual Studio 15
VisualStudioVersion = 15.0.28307.271
MinimumVisualStudioVersion = 10.0.40219.1
Project("{2150E333-8FDC-42A3-9474-1A3956D46DE8}") = "1 - Service", "1 - Service", "{329B3D79-374F-4DD5-A00C-01915D2EFB79}"
EndProject
Project("{2150E333-8FDC-42A3-9474-1A3956D46DE8}") = "2 - Application", "2 - Application", "{4761BA74-851F-432E-BC29-BB3438041AE4}"
EndProject
Project("{2150E333-8FDC-42A3-9474-1A3956D46DE8}") = "3 - Domain", "3 - Domain", "{348647ED-A5FC-4F16-9C8B-4EFD17AB4599}"
EndProject
Project("{2150E333-8FDC-42A3-9474-1A3956D46DE8}") = "4 - Infra", "4 - Infra", "{4F2E030F-2ECE-4B98-9CFF-7AEA13376993}"
EndProject
Project("{2150E333-8FDC-42A3-9474-1A3956D46DE8}") = "5 - Utils", "5 - Utils", "{B6AB3B23-111B-4F85-B1EE-1981F30F0495}"
EndProject
Project("{FAE04EC0-301F-11D3-BF4B-00C04F79EFBC}") = "ESX.Api", "ESX.Api\ESX.Api.csproj", "{C161FA02-2897-4EC1-AF5B-0848F7F212B4}"
EndProject
Project("{FAE04EC0-301F-11D3-BF4B-00C04F79EFBC}") = "ESX.Application", "ESX.Application\ESX.Application.csproj", "{82B8CB4A-C757-4988-9EF2-C03CADFF497F}"
EndProject
Project("{2150E333-8FDC-42A3-9474-1A3956D46DE8}") = "3.1 - Core", "3.1 - Core", "{992C8A50-52CE-4A49-87C3-BF1EA5248CF4}"
EndProject
Project("{2150E333-8FDC-42A3-9474-1A3956D46DE8}") = "3.2 - Shared", "3.2 - Shared", "{07ADB16B-0393-4C94-BFA7-FED771AF7292}"
EndProject
Project("{2150E333-8FDC-42A3-9474-1A3956D46DE8}") = "4.1 - Data", "4.1 - Data", "{1227BFE1-12DA-4107-8A10-3770DCC840AA}"
EndProject
Project("{FAE04EC0-301F-11D3-BF4B-00C04F79EFBC}") = "ESX.Utils", "ESX.Utils\ESX.Utils.csproj", "{D059CE08-BCBC-4661-9198-70A4A6EE9EAC}"
EndProject
Project("{2150E333-8FDC-42A3-9474-1A3956D46DE8}") = "4.1.1 - Persistence", "4.1.1 - Persistence", "{ED217339-61E7-4D5C-B855-E464222B1AA0}"
EndProject
Project("{FAE04EC0-301F-11D3-BF4B-00C04F79EFBC}") = "ESX.Infra.Data.Persistence", "ESX.Infra.Data.Persistence\ESX.Infra.Data.Persistence.csproj", "{B676979C-E982-4850-8C00-6B956C1E44E8}"
EndProject
Project("{FAE04EC0-301F-11D3-BF4B-00C04F79EFBC}") = "ESX.Domain.Core", "ESX.Domain.Core\ESX.Domain.Core.csproj", "{1183B7D2-E5E7-4CFC-ACA2-1A95B3048A78}"
EndProject
Project("{FAE04EC0-301F-11D3-BF4B-00C04F79EFBC}") = "ESX.Domain.Shared", "ESX.Domain.Shared\ESX.Domain.Shared.csproj", "{3E90CA39-ED2F-4E8F-906A-E60247F7450F}"
EndProject
Global
	GlobalSection(SolutionConfigurationPlatforms) = preSolution
		Debug|Any CPU = Debug|Any CPU
		Release|Any CPU = Release|Any CPU
	EndGlobalSection
	GlobalSection(ProjectConfigurationPlatforms) = postSolution
		{C161FA02-2897-4EC1-AF5B-0848F7F212B4}.Debug|Any CPU.ActiveCfg = Debug|Any CPU
		{C161FA02-2897-4EC1-AF5B-0848F7F212B4}.Debug|Any CPU.Build.0 = Debug|Any CPU
		{C161FA02-2897-4EC1-AF5B-0848F7F212B4}.Release|Any CPU.ActiveCfg = Release|Any CPU
		{C161FA02-2897-4EC1-AF5B-0848F7F212B4}.Release|Any CPU.Build.0 = Release|Any CPU
		{82B8CB4A-C757-4988-9EF2-C03CADFF497F}.Debug|Any CPU.ActiveCfg = Debug|Any CPU
		{82B8CB4A-C757-4988-9EF2-C03CADFF497F}.Debug|Any CPU.Build.0 = Debug|Any CPU
		{82B8CB4A-C757-4988-9EF2-C03CADFF497F}.Release|Any CPU.ActiveCfg = Release|Any CPU
		{82B8CB4A-C757-4988-9EF2-C03CADFF497F}.Release|Any CPU.Build.0 = Release|Any CPU
		{D059CE08-BCBC-4661-9198-70A4A6EE9EAC}.Debug|Any CPU.ActiveCfg = Debug|Any CPU
		{D059CE08-BCBC-4661-9198-70A4A6EE9EAC}.Debug|Any CPU.Build.0 = Debug|Any CPU
		{D059CE08-BCBC-4661-9198-70A4A6EE9EAC}.Release|Any CPU.ActiveCfg = Release|Any CPU
		{D059CE08-BCBC-4661-9198-70A4A6EE9EAC}.Release|Any CPU.Build.0 = Release|Any CPU
		{B676979C-E982-4850-8C00-6B956C1E44E8}.Debug|Any CPU.ActiveCfg = Debug|Any CPU
		{B676979C-E982-4850-8C00-6B956C1E44E8}.Debug|Any CPU.Build.0 = Debug|Any CPU
		{B676979C-E982-4850-8C00-6B956C1E44E8}.Release|Any CPU.ActiveCfg = Release|Any CPU
		{B676979C-E982-4850-8C00-6B956C1E44E8}.Release|Any CPU.Build.0 = Release|Any CPU
		{1183B7D2-E5E7-4CFC-ACA2-1A95B3048A78}.Debug|Any CPU.ActiveCfg = Debug|Any CPU
		{1183B7D2-E5E7-4CFC-ACA2-1A95B3048A78}.Debug|Any CPU.Build.0 = Debug|Any CPU
		{1183B7D2-E5E7-4CFC-ACA2-1A95B3048A78}.Release|Any CPU.ActiveCfg = Release|Any CPU
		{1183B7D2-E5E7-4CFC-ACA2-1A95B3048A78}.Release|Any CPU.Build.0 = Release|Any CPU
		{3E90CA39-ED2F-4E8F-906A-E60247F7450F}.Debug|Any CPU.ActiveCfg = Debug|Any CPU
		{3E90CA39-ED2F-4E8F-906A-E60247F7450F}.Debug|Any CPU.Build.0 = Debug|Any CPU
		{3E90CA39-ED2F-4E8F-906A-E60247F7450F}.Release|Any CPU.ActiveCfg = Release|Any CPU
		{3E90CA39-ED2F-4E8F-906A-E60247F7450F}.Release|Any CPU.Build.0 = Release|Any CPU
	EndGlobalSection
	GlobalSection(SolutionProperties) = preSolution
		HideSolutionNode = FALSE
	EndGlobalSection
	GlobalSection(NestedProjects) = preSolution
		{C161FA02-2897-4EC1-AF5B-0848F7F212B4} = {329B3D79-374F-4DD5-A00C-01915D2EFB79}
		{82B8CB4A-C757-4988-9EF2-C03CADFF497F} = {4761BA74-851F-432E-BC29-BB3438041AE4}
		{992C8A50-52CE-4A49-87C3-BF1EA5248CF4} = {348647ED-A5FC-4F16-9C8B-4EFD17AB4599}
		{07ADB16B-0393-4C94-BFA7-FED771AF7292} = {348647ED-A5FC-4F16-9C8B-4EFD17AB4599}
		{1227BFE1-12DA-4107-8A10-3770DCC840AA} = {4F2E030F-2ECE-4B98-9CFF-7AEA13376993}
		{D059CE08-BCBC-4661-9198-70A4A6EE9EAC} = {B6AB3B23-111B-4F85-B1EE-1981F30F0495}
		{ED217339-61E7-4D5C-B855-E464222B1AA0} = {1227BFE1-12DA-4107-8A10-3770DCC840AA}
		{B676979C-E982-4850-8C00-6B956C1E44E8} = {ED217339-61E7-4D5C-B855-E464222B1AA0}
		{1183B7D2-E5E7-4CFC-ACA2-1A95B3048A78} = {992C8A50-52CE-4A49-87C3-BF1EA5248CF4}
		{3E90CA39-ED2F-4E8F-906A-E60247F7450F} = {07ADB16B-0393-4C94-BFA7-FED771AF7292}
	EndGlobalSection
	GlobalSection(ExtensibilityGlobals) = postSolution
		SolutionGuid = {CD8034CF-0583-45A6-9145-B397315F9531}
	EndGlobalSection
EndGlobal
